
Microsoft Visual Studio Solution File, Format Version 12.00
# Visual Studio Version 17
VisualStudioVersion = 17.14.36121.58 d17.14
MinimumVisualStudioVersion = 10.0.40219.1
Project("{FAE04EC0-301F-11D3-BF4B-00C04F79EFBC}") = "HCM.API", "HCM.API\HCM.API.csproj", "{0DC19AE0-64E4-41DF-BB13-CEB534AC0973}"
EndProject
Project("{FAE04EC0-301F-11D3-BF4B-00C04F79EFBC}") = "HCM.Application", "HCM.Application\HCM.Application.csproj", "{AB7E9882-62AF-4FEF-AEBE-524D77706392}"
EndProject
Project("{FAE04EC0-301F-11D3-BF4B-00C04F79EFBC}") = "HCM.Infrastructure", "HCM.Infrastructure\HCM.Infrastructure.csproj", "{8432F186-6AFE-41BD-A16A-CE520FFC5CDD}"
EndProject
Project("{FAE04EC0-301F-11D3-BF4B-00C04F79EFBC}") = "HCM.Domain", "HCM.Domain\HCM.Domain.csproj", "{0721093C-FA5E-4F79-B680-82120B62A38E}"
EndProject
Global
	GlobalSection(SolutionConfigurationPlatforms) = preSolution
		Debug|Any CPU = Debug|Any CPU
		Release|Any CPU = Release|Any CPU
	EndGlobalSection
	GlobalSection(ProjectConfigurationPlatforms) = postSolution
		{0DC19AE0-64E4-41DF-BB13-CEB534AC0973}.Debug|Any CPU.ActiveCfg = Debug|Any CPU
		{0DC19AE0-64E4-41DF-BB13-CEB534AC0973}.Debug|Any CPU.Build.0 = Debug|Any CPU
		{0DC19AE0-64E4-41DF-BB13-CEB534AC0973}.Release|Any CPU.ActiveCfg = Release|Any CPU
		{0DC19AE0-64E4-41DF-BB13-CEB534AC0973}.Release|Any CPU.Build.0 = Release|Any CPU
		{AB7E9882-62AF-4FEF-AEBE-524D77706392}.Debug|Any CPU.ActiveCfg = Debug|Any CPU
		{AB7E9882-62AF-4FEF-AEBE-524D77706392}.Debug|Any CPU.Build.0 = Debug|Any CPU
		{AB7E9882-62AF-4FEF-AEBE-524D77706392}.Release|Any CPU.ActiveCfg = Release|Any CPU
		{AB7E9882-62AF-4FEF-AEBE-524D77706392}.Release|Any CPU.Build.0 = Release|Any CPU
		{8432F186-6AFE-41BD-A16A-CE520FFC5CDD}.Debug|Any CPU.ActiveCfg = Debug|Any CPU
		{8432F186-6AFE-41BD-A16A-CE520FFC5CDD}.Debug|Any CPU.Build.0 = Debug|Any CPU
		{8432F186-6AFE-41BD-A16A-CE520FFC5CDD}.Release|Any CPU.ActiveCfg = Release|Any CPU
		{8432F186-6AFE-41BD-A16A-CE520FFC5CDD}.Release|Any CPU.Build.0 = Release|Any CPU
		{0721093C-FA5E-4F79-B680-82120B62A38E}.Debug|Any CPU.ActiveCfg = Debug|Any CPU
		{0721093C-FA5E-4F79-B680-82120B62A38E}.Debug|Any CPU.Build.0 = Debug|Any CPU
		{0721093C-FA5E-4F79-B680-82120B62A38E}.Release|Any CPU.ActiveCfg = Release|Any CPU
		{0721093C-FA5E-4F79-B680-82120B62A38E}.Release|Any CPU.Build.0 = Release|Any CPU
	EndGlobalSection
	GlobalSection(SolutionProperties) = preSolution
		HideSolutionNode = FALSE
	EndGlobalSection
	GlobalSection(ExtensibilityGlobals) = postSolution
		SolutionGuid = {4DCD81FE-0CE2-4DDD-99D7-D0B955FC1DAB}
	EndGlobalSection
EndGlobal
